// !$*UTF8*$!
{
	archiveVersion = 1;
	classes = {
	};
	objectVersion = 50;
	objects = {

/* Begin PBXBuildFile section */
		486D9F3D2591C5C200EE3618 /* AppDelegate.swift in Sources */ = {isa = PBXBuildFile; fileRef = 486D9F3C2591C5C200EE3618 /* AppDelegate.swift */; };
		486D9F3F2591C5C200EE3618 /* SceneDelegate.swift in Sources */ = {isa = PBXBuildFile; fileRef = 486D9F3E2591C5C200EE3618 /* SceneDelegate.swift */; };
		486D9F412591C5C200EE3618 /* ViewController.swift in Sources */ = {isa = PBXBuildFile; fileRef = 486D9F402591C5C200EE3618 /* ViewController.swift */; };
		486D9F442591C5C200EE3618 /* Main.storyboard in Resources */ = {isa = PBXBuildFile; fileRef = 486D9F422591C5C200EE3618 /* Main.storyboard */; };
		486D9F462591C5C300EE3618 /* Assets.xcassets in Resources */ = {isa = PBXBuildFile; fileRef = 486D9F452591C5C300EE3618 /* Assets.xcassets */; };
		486D9F492591C5C300EE3618 /* LaunchScreen.storyboard in Resources */ = {isa = PBXBuildFile; fileRef = 486D9F472591C5C300EE3618 /* LaunchScreen.storyboard */; };
		486D9F7C2591E56400EE3618 /* MyView.xib in Resources */ = {isa = PBXBuildFile; fileRef = 486D9F7A2591E56400EE3618 /* MyView.xib */; };
		486D9F7D2591E56400EE3618 /* MyView.swift in Sources */ = {isa = PBXBuildFile; fileRef = 486D9F7B2591E56400EE3618 /* MyView.swift */; };
/* End PBXBuildFile section */

/* Begin PBXFileReference section */
		486D9F392591C5C200EE3618 /* 7Segnment.app */ = {isa = PBXFileReference; explicitFileType = wrapper.application; includeInIndex = 0; path = 7Segnment.app; sourceTree = BUILT_PRODUCTS_DIR; };
		486D9F3C2591C5C200EE3618 /* AppDelegate.swift */ = {isa = PBXFileReference; lastKnownFileType = sourcecode.swift; path = AppDelegate.swift; sourceTree = "<group>"; };
		486D9F3E2591C5C200EE3618 /* SceneDelegate.swift */ = {isa = PBXFileReference; lastKnownFileType = sourcecode.swift; path = SceneDelegate.swift; sourceTree = "<group>"; };
		486D9F402591C5C200EE3618 /* ViewController.swift */ = {isa = PBXFileReference; lastKnownFileType = sourcecode.swift; path = ViewController.swift; sourceTree = "<group>"; };
		486D9F432591C5C200EE3618 /* Base */ = {isa = PBXFileReference; lastKnownFileType = file.storyboard; name = Base; path = Base.lproj/Main.storyboard; sourceTree = "<group>"; };
		486D9F452591C5C300EE3618 /* Assets.xcassets */ = {isa = PBXFileReference; lastKnownFileType = folder.assetcatalog; path = Assets.xcassets; sourceTree = "<group>"; };
		486D9F482591C5C300EE3618 /* Base */ = {isa = PBXFileReference; lastKnownFileType = file.storyboard; name = Base; path = Base.lproj/LaunchScreen.storyboard; sourceTree = "<group>"; };
		486D9F4A2591C5C300EE3618 /* Info.plist */ = {isa = PBXFileReference; lastKnownFileType = text.plist.xml; path = Info.plist; sourceTree = "<group>"; };
		486D9F7A2591E56400EE3618 /* MyView.xib */ = {isa = PBXFileReference; fileEncoding = 4; lastKnownFileType = file.xib; path = MyView.xib; sourceTree = "<group>"; };
		486D9F7B2591E56400EE3618 /* MyView.swift */ = {isa = PBXFileReference; fileEncoding = 4; lastKnownFileType = sourcecode.swift; path = MyView.swift; sourceTree = "<group>"; };
/* End PBXFileReference section */

/* Begin PBXFrameworksBuildPhase section */
		486D9F362591C5C200EE3618 /* Frameworks */ = {
			isa = PBXFrameworksBuildPhase;
			buildActionMask = 2147483647;
			files = (
			);
			runOnlyForDeploymentPostprocessing = 0;
		};
/* End PBXFrameworksBuildPhase section */

/* Begin PBXGroup section */
		486D9F302591C5C200EE3618 = {
			isa = PBXGroup;
			children = (
				486D9F3B2591C5C200EE3618 /* 7Segnment */,
				486D9F3A2591C5C200EE3618 /* Products */,
			);
			sourceTree = "<group>";
		};
		486D9F3A2591C5C200EE3618 /* Products */ = {
			isa = PBXGroup;
			children = (
				486D9F392591C5C200EE3618 /* 7Segnment.app */,
			);
			name = Products;
			sourceTree = "<group>";
		};
		486D9F3B2591C5C200EE3618 /* 7Segnment */ = {
			isa = PBXGroup;
			children = (
				486D9F792591E56400EE3618 /* Reusable View */,
				486D9F3C2591C5C200EE3618 /* AppDelegate.swift */,
				486D9F3E2591C5C200EE3618 /* SceneDelegate.swift */,
				486D9F402591C5C200EE3618 /* ViewController.swift */,
				486D9F422591C5C200EE3618 /* Main.storyboard */,
				486D9F452591C5C300EE3618 /* Assets.xcassets */,
				486D9F472591C5C300EE3618 /* LaunchScreen.storyboard */,
				486D9F4A2591C5C300EE3618 /* Info.plist */,
			);
			path = 7Segnment;
			sourceTree = "<group>";
		};
		486D9F792591E56400EE3618 /* Reusable View */ = {
			isa = PBXGroup;
			children = (
				486D9F7A2591E56400EE3618 /* MyView.xib */,
				486D9F7B2591E56400EE3618 /* MyView.swift */,
			);
			path = "Reusable View";
			sourceTree = "<group>";
		};
/* End PBXGroup section */

/* Begin PBXNativeTarget section */
		486D9F382591C5C200EE3618 /* 7Segnment */ = {
			isa = PBXNativeTarget;
			buildConfigurationList = 486D9F4D2591C5C300EE3618 /* Build configuration list for PBXNativeTarget "7Segnment" */;
			buildPhases = (
				486D9F352591C5C200EE3618 /* Sources */,
				486D9F362591C5C200EE3618 /* Frameworks */,
				486D9F372591C5C200EE3618 /* Resources */,
			);
			buildRules = (
			);
			dependencies = (
			);
			name = 7Segnment;
			productName = 7Segnment;
			productReference = 486D9F392591C5C200EE3618 /* 7Segnment.app */;
			productType = "com.apple.product-type.application";
		};
/* End PBXNativeTarget section */

/* Begin PBXProject section */
		486D9F312591C5C200EE3618 /* Project object */ = {
			isa = PBXProject;
			attributes = {
				LastSwiftUpdateCheck = 1200;
				LastUpgradeCheck = 1200;
				TargetAttributes = {
					486D9F382591C5C200EE3618 = {
						CreatedOnToolsVersion = 12.0.1;
					};
				};
			};
			buildConfigurationList = 486D9F342591C5C200EE3618 /* Build configuration list for PBXProject "7Segnment" */;
			compatibilityVersion = "Xcode 9.3";
			developmentRegion = en;
			hasScannedForEncodings = 0;
			knownRegions = (
				en,
				Base,
			);
			mainGroup = 486D9F302591C5C200EE3618;
			productRefGroup = 486D9F3A2591C5C200EE3618 /* Products */;
			projectDirPath = "";
			projectRoot = "";
			targets = (
				486D9F382591C5C200EE3618 /* 7Segnment */,
			);
		};
/* End PBXProject section */

/* Begin PBXResourcesBuildPhase section */
		486D9F372591C5C200EE3618 /* Resources */ = {
			isa = PBXResourcesBuildPhase;
			buildActionMask = 2147483647;
			files = (
				486D9F7C2591E56400EE3618 /* MyView.xib in Resources */,
				486D9F492591C5C300EE3618 /* LaunchScreen.storyboard in Resources */,
				486D9F462591C5C300EE3618 /* Assets.xcassets in Resources */,
				486D9F442591C5C200EE3618 /* Main.storyboard in Resources */,
			);
			runOnlyForDeploymentPostprocessing = 0;
		};
/* End PBXResourcesBuildPhase section */

/* Begin PBXSourcesBuildPhase section */
		486D9F352591C5C200EE3618 /* Sources */ = {
			isa = PBXSourcesBuildPhase;
			buildActionMask = 2147483647;
			files = (
				486D9F7D2591E56400EE3618 /* MyView.swift in Sources */,
				486D9F412591C5C200EE3618 /* ViewController.swift in Sources */,
				486D9F3D2591C5C200EE3618 /* AppDelegate.swift in Sources */,
				486D9F3F2591C5C200EE3618 /* SceneDelegate.swift in Sources */,
			);
			runOnlyForDeploymentPostprocessing = 0;
		};
/* End PBXSourcesBuildPhase section */

/* Begin PBXVariantGroup section */
		486D9F422591C5C200EE3618 /* Main.storyboard */ = {
			isa = PBXVariantGroup;
			children = (
				486D9F432591C5C200EE3618 /* Base */,
			);
			name = Main.storyboard;
			sourceTree = "<group>";
		};
		486D9F472591C5C300EE3618 /* LaunchScreen.storyboard */ = {
			isa = PBXVariantGroup;
			children = (
				486D9F482591C5C300EE3618 /* Base */,
			);
			name = LaunchScreen.storyboard;
			sourceTree = "<group>";
		};
/* End PBXVariantGroup section */

/* Begin XCBuildConfiguration section */
		486D9F4B2591C5C300EE3618 /* Debug */ = {
			isa = XCBuildConfiguration;
			buildSettings = {
				ALWAYS_SEARCH_USER_PATHS = NO;
				CLANG_ANALYZER_NONNULL = YES;
				CLANG_ANALYZER_NUMBER_OBJECT_CONVERSION = YES_AGGRESSIVE;
				CLANG_CXX_LANGUAGE_STANDARD = "gnu++14";
				CLANG_CXX_LIBRARY = "libc++";
				CLANG_ENABLE_MODULES = YES;
				CLANG_ENABLE_OBJC_ARC = YES;
				CLANG_ENABLE_OBJC_WEAK = YES;
				CLANG_WARN_BLOCK_CAPTURE_AUTORELEASING = YES;
				CLANG_WARN_BOOL_CONVERSION = YES;
				CLANG_WARN_COMMA = YES;
				CLANG_WARN_CONSTANT_CONVERSION = YES;
				CLANG_WARN_DEPRECATED_OBJC_IMPLEMENTATIONS = YES;
				CLANG_WARN_DIRECT_OBJC_ISA_USAGE = YES_ERROR;
				CLANG_WARN_DOCUMENTATION_COMMENTS = YES;
				CLANG_WARN_EMPTY_BODY = YES;
				CLANG_WARN_ENUM_CONVERSION = YES;
				CLANG_WARN_INFINITE_RECURSION = YES;
				CLANG_WARN_INT_CONVERSION = YES;
				CLANG_WARN_NON_LITERAL_NULL_CONVERSION = YES;
				CLANG_WARN_OBJC_IMPLICIT_RETAIN_SELF = YES;
				CLANG_WARN_OBJC_LITERAL_CONVERSION = YES;
				CLANG_WARN_OBJC_ROOT_CLASS = YES_ERROR;
				CLANG_WARN_QUOTED_INCLUDE_IN_FRAMEWORK_HEADER = YES;
				CLANG_WARN_RANGE_LOOP_ANALYSIS = YES;
				CLANG_WARN_STRICT_PROTOTYPES = YES;
				CLANG_WARN_SUSPICIOUS_MOVE = YES;
				CLANG_WARN_UNGUARDED_AVAILABILITY = YES_AGGRESSIVE;
				CLANG_WARN_UNREACHABLE_CODE = YES;
				CLANG_WARN__DUPLICATE_METHOD_MATCH = YES;
				COPY_PHASE_STRIP = NO;
				DEBUG_INFORMATION_FORMAT = dwarf;
				ENABLE_STRICT_OBJC_MSGSEND = YES;
				ENABLE_TESTABILITY = YES;
				GCC_C_LANGUAGE_STANDARD = gnu11;
				GCC_DYNAMIC_NO_PIC = NO;
				GCC_NO_COMMON_BLOCKS = YES;
				GCC_OPTIMIZATION_LEVEL = 0;
				GCC_PREPROCESSOR_DEFINITIONS = (
					"DEBUG=1",
					"$(inherited)",
				);
				GCC_WARN_64_TO_32_BIT_CONVERSION = YES;
				GCC_WARN_ABOUT_RETURN_TYPE = YES_ERROR;
				GCC_WARN_UNDECLARED_SELECTOR = YES;
				GCC_WARN_UNINITIALIZED_AUTOS = YES_AGGRESSIVE;
				GCC_WARN_UNUSED_FUNCTION = YES;
				GCC_WARN_UNUSED_VARIABLE = YES;
				IPHONEOS_DEPLOYMENT_TARGET = 14.0;
				MTL_ENABLE_DEBUG_INFO = INCLUDE_SOURCE;
				MTL_FAST_MATH = YES;
				ONLY_ACTIVE_ARCH = YES;
				SDKROOT = iphoneos;
				SWIFT_ACTIVE_COMPILATION_CONDITIONS = DEBUG;
				SWIFT_OPTIMIZATION_LEVEL = "-Onone";
			};
			name = Debug;
		};
		486D9F4C2591C5C300EE3618 /* Release */ = {
			isa = XCBuildConfiguration;
			buildSettings = {
				ALWAYS_SEARCH_USER_PATHS = NO;
				CLANG_ANALYZER_NONNULL = YES;
				CLANG_ANALYZER_NUMBER_OBJECT_CONVERSION = YES_AGGRESSIVE;
				CLANG_CXX_LANGUAGE_STANDARD = "gnu++14";
				CLANG_CXX_LIBRARY = "libc++";
				CLANG_ENABLE_MODULES = YES;
				CLANG_ENABLE_OBJC_ARC = YES;
				CLANG_ENABLE_OBJC_WEAK = YES;
				CLANG_WARN_BLOCK_CAPTURE_AUTORELEASING = YES;
				CLANG_WARN_BOOL_CONVERSION = YES;
				CLANG_WARN_COMMA = YES;
				CLANG_WARN_CONSTANT_CONVERSION = YES;
				CLANG_WARN_DEPRECATED_OBJC_IMPLEMENTATIONS = YES;
				CLANG_WARN_DIRECT_OBJC_ISA_USAGE = YES_ERROR;
				CLANG_WARN_DOCUMENTATION_COMMENTS = YES;
				CLANG_WARN_EMPTY_BODY = YES;
				CLANG_WARN_ENUM_CONVERSION = YES;
				CLANG_WARN_INFINITE_RECURSION = YES;
				CLANG_WARN_INT_CONVERSION = YES;
				CLANG_WARN_NON_LITERAL_NULL_CONVERSION = YES;
				CLANG_WARN_OBJC_IMPLICIT_RETAIN_SELF = YES;
				CLANG_WARN_OBJC_LITERAL_CONVERSION = YES;
				CLANG_WARN_OBJC_ROOT_CLASS = YES_ERROR;
				CLANG_WARN_QUOTED_INCLUDE_IN_FRAMEWORK_HEADER = YES;
				CLANG_WARN_RANGE_LOOP_ANALYSIS = YES;
				CLANG_WARN_STRICT_PROTOTYPES = YES;
				CLANG_WARN_SUSPICIOUS_MOVE = YES;
				CLANG_WARN_UNGUARDED_AVAILABILITY = YES_AGGRESSIVE;
				CLANG_WARN_UNREACHABLE_CODE = YES;
				CLANG_WARN__DUPLICATE_METHOD_MATCH = YES;
				COPY_PHASE_STRIP = NO;
				DEBUG_INFORMATION_FORMAT = "dwarf-with-dsym";
				ENABLE_NS_ASSERTIONS = NO;
				ENABLE_STRICT_OBJC_MSGSEND = YES;
				GCC_C_LANGUAGE_STANDARD = gnu11;
				GCC_NO_COMMON_BLOCKS = YES;
				GCC_WARN_64_TO_32_BIT_CONVERSION = YES;
				GCC_WARN_ABOUT_RETURN_TYPE = YES_ERROR;
				GCC_WARN_UNDECLARED_SELECTOR = YES;
				GCC_WARN_UNINITIALIZED_AUTOS = YES_AGGRESSIVE;
				GCC_WARN_UNUSED_FUNCTION = YES;
				GCC_WARN_UNUSED_VARIABLE = YES;
				IPHONEOS_DEPLOYMENT_TARGET = 14.0;
				MTL_ENABLE_DEBUG_INFO = NO;
				MTL_FAST_MATH = YES;
				SDKROOT = iphoneos;
				SWIFT_COMPILATION_MODE = wholemodule;
				SWIFT_OPTIMIZATION_LEVEL = "-O";
				VALIDATE_PRODUCT = YES;
			};
			name = Release;
		};
		486D9F4E2591C5C300EE3618 /* Debug */ = {
			isa = XCBuildConfiguration;
			buildSettings = {
				ASSETCATALOG_COMPILER_APPICON_NAME = AppIcon;
				ASSETCATALOG_COMPILER_GLOBAL_ACCENT_COLOR_NAME = AccentColor;
				CODE_SIGN_STYLE = Automatic;
				INFOPLIST_FILE = 7Segnment/Info.plist;
				LD_RUNPATH_SEARCH_PATHS = (
					"$(inherited)",
					"@executable_path/Frameworks",
				);
				PRODUCT_BUNDLE_IDENTIFIER = "freeuni.-Segnment";
				PRODUCT_NAME = "$(TARGET_NAME)";
				SWIFT_VERSION = 5.0;
				TARGETED_DEVICE_FAMILY = "1,2";
			};
			name = Debug;
		};
		486D9F4F2591C5C300EE3618 /* Release */ = {
			isa = XCBuildConfiguration;
			buildSettings = {
				ASSETCATALOG_COMPILER_APPICON_NAME = AppIcon;
				ASSETCATALOG_COMPILER_GLOBAL_ACCENT_COLOR_NAME = AccentColor;
				CODE_SIGN_STYLE = Automatic;
				INFOPLIST_FILE = 7Segnment/Info.plist;
				LD_RUNPATH_SEARCH_PATHS = (
					"$(inherited)",
					"@executable_path/Frameworks",
				);
				PRODUCT_BUNDLE_IDENTIFIER = "freeuni.-Segnment";
				PRODUCT_NAME = "$(TARGET_NAME)";
				SWIFT_VERSION = 5.0;
				TARGETED_DEVICE_FAMILY = "1,2";
			};
			name = Release;
		};
/* End XCBuildConfiguration section */

/* Begin XCConfigurationList section */
		486D9F342591C5C200EE3618 /* Build configuration list for PBXProject "7Segnment" */ = {
			isa = XCConfigurationList;
			buildConfigurations = (
				486D9F4B2591C5C300EE3618 /* Debug */,
				486D9F4C2591C5C300EE3618 /* Release */,
			);
			defaultConfigurationIsVisible = 0;
			defaultConfigurationName = Release;
		};
		486D9F4D2591C5C300EE3618 /* Build configuration list for PBXNativeTarget "7Segnment" */ = {
			isa = XCConfigurationList;
			buildConfigurations = (
				486D9F4E2591C5C300EE3618 /* Debug */,
				486D9F4F2591C5C300EE3618 /* Release */,
			);
			defaultConfigurationIsVisible = 0;
			defaultConfigurationName = Release;
		};
/* End XCConfigurationList section */
	};
	rootObject = 486D9F312591C5C200EE3618 /* Project object */;
}
